{
  "version": "5",
  "specifiers": {
    "jsr:@veryboringhwl/creator@0.0.5": "0.0.5",
    "npm:react@*": "19.2.6"
  },
  "jsr": {
    "@veryboringhwl/creator@0.0.5": {
      "integrity": "e4ac55398ac25344e4e6ff38092d7f18a6b448ab28c92d1929f6c262a55d5416"
    }
  },
  "npm": {
    "react@19.2.6": {
      "integrity": "sha512-sfWGGfavi0xr8Pg0sVsyHMAOziVYKgPLNrS7ig+ivMNb3wbCBw3KxtflsGBAwD3gYQlE/AEZsTLgToRrSCjb0Q=="
    }
  },
  "workspace": {
    "dependencies": [
      "jsr:@veryboringhwl/creator@0.0.5",
      "npm:react@*"
    ]
  }
}
